
Microsoft Visual Studio Solution File, Format Version 12.00
# Visual Studio Version 17
VisualStudioVersion = 17.3.32825.248
MinimumVisualStudioVersion = 10.0.40219.1
Project("{F184B08F-C81C-45F6-A57F-5ABD9991F28F}") = "capstonee 5", "capstonee 5\capstonee 5.vbproj", "{F81F9C92-93B7-4C58-8B37-484208264C27}"
EndProject
Global
	GlobalSection(SolutionConfigurationPlatforms) = preSolution
		Debug|Any CPU = Debug|Any CPU
		Release|Any CPU = Release|Any CPU
	EndGlobalSection
	GlobalSection(ProjectConfigurationPlatforms) = postSolution
		{F81F9C92-93B7-4C58-8B37-484208264C27}.Debug|Any CPU.ActiveCfg = Debug|Any CPU
		{F81F9C92-93B7-4C58-8B37-484208264C27}.Debug|Any CPU.Build.0 = Debug|Any CPU
		{F81F9C92-93B7-4C58-8B37-484208264C27}.Release|Any CPU.ActiveCfg = Release|Any CPU
		{F81F9C92-93B7-4C58-8B37-484208264C27}.Release|Any CPU.Build.0 = Release|Any CPU
	EndGlobalSection
	GlobalSection(SolutionProperties) = preSolution
		HideSolutionNode = FALSE
	EndGlobalSection
	GlobalSection(ExtensibilityGlobals) = postSolution
		SolutionGuid = {C9B0E321-78C1-40D9-A48D-E4657883FF23}
	EndGlobalSection
EndGlobal
